
Microsoft Visual Studio Solution File, Format Version 12.00
# Visual Studio Version 16
VisualStudioVersion = 16.0.30413.136
MinimumVisualStudioVersion = 10.0.40219.1
Project("{9A19103F-16F7-4668-BE54-9A1E7A4F7556}") = "routingapitest", "routingapitest\routingapitest.csproj", "{DE3AA154-D6F3-4590-A63A-5E98AF1A7FA2}"
EndProject
Project("{9A19103F-16F7-4668-BE54-9A1E7A4F7556}") = "GetData", "GetData\GetData.csproj", "{F22AE91C-00DE-4E3F-A4DD-41B6021556D0}"
EndProject
Project("{9A19103F-16F7-4668-BE54-9A1E7A4F7556}") = "Utils", "Utils\Utils.csproj", "{DDDA3455-DE16-40B7-A824-830793BB7683}"
EndProject
Project("{FAE04EC0-301F-11D3-BF4B-00C04F79EFBC}") = "UnitTests", "UnitTests\UnitTests.csproj", "{001F6FAB-C1CC-4686-8449-375C87E16761}"
EndProject
Global
	GlobalSection(SolutionConfigurationPlatforms) = preSolution
		Debug|Any CPU = Debug|Any CPU
		Release|Any CPU = Release|Any CPU
	EndGlobalSection
	GlobalSection(ProjectConfigurationPlatforms) = postSolution
		{DE3AA154-D6F3-4590-A63A-5E98AF1A7FA2}.Debug|Any CPU.ActiveCfg = Debug|Any CPU
		{DE3AA154-D6F3-4590-A63A-5E98AF1A7FA2}.Debug|Any CPU.Build.0 = Debug|Any CPU
		{DE3AA154-D6F3-4590-A63A-5E98AF1A7FA2}.Release|Any CPU.ActiveCfg = Release|Any CPU
		{DE3AA154-D6F3-4590-A63A-5E98AF1A7FA2}.Release|Any CPU.Build.0 = Release|Any CPU
		{F22AE91C-00DE-4E3F-A4DD-41B6021556D0}.Debug|Any CPU.ActiveCfg = Debug|Any CPU
		{F22AE91C-00DE-4E3F-A4DD-41B6021556D0}.Debug|Any CPU.Build.0 = Debug|Any CPU
		{F22AE91C-00DE-4E3F-A4DD-41B6021556D0}.Release|Any CPU.ActiveCfg = Release|Any CPU
		{F22AE91C-00DE-4E3F-A4DD-41B6021556D0}.Release|Any CPU.Build.0 = Release|Any CPU
		{DDDA3455-DE16-40B7-A824-830793BB7683}.Debug|Any CPU.ActiveCfg = Debug|Any CPU
		{DDDA3455-DE16-40B7-A824-830793BB7683}.Debug|Any CPU.Build.0 = Debug|Any CPU
		{DDDA3455-DE16-40B7-A824-830793BB7683}.Release|Any CPU.ActiveCfg = Release|Any CPU
		{DDDA3455-DE16-40B7-A824-830793BB7683}.Release|Any CPU.Build.0 = Release|Any CPU
		{001F6FAB-C1CC-4686-8449-375C87E16761}.Debug|Any CPU.ActiveCfg = Debug|Any CPU
		{001F6FAB-C1CC-4686-8449-375C87E16761}.Debug|Any CPU.Build.0 = Debug|Any CPU
		{001F6FAB-C1CC-4686-8449-375C87E16761}.Release|Any CPU.ActiveCfg = Release|Any CPU
		{001F6FAB-C1CC-4686-8449-375C87E16761}.Release|Any CPU.Build.0 = Release|Any CPU
	EndGlobalSection
	GlobalSection(SolutionProperties) = preSolution
		HideSolutionNode = FALSE
	EndGlobalSection
	GlobalSection(ExtensibilityGlobals) = postSolution
		SolutionGuid = {A9A31FF2-5850-4A15-9F90-B132A44767E9}
	EndGlobalSection
EndGlobal
